<?xml version="1.0" encoding="UTF-8" standalone="yes" ?>
<CodeBlocks_project_file>
	<FileVersion major="1" minor="6" />
	<Project>
		<Option title="xTester" />
		<Option pch_mode="2" />
		<Option compiler="gcc" />
		<Build>
			<Target title="DebugWindows">
				<Option output="..\bin\xTester" prefix_auto="1" extension_auto="1" />
				<Option type="0" />
				<Option compiler="gcc" />
				<Option projectLinkerOptionsRelation="2" />
				<Compiler>
					<Add option="-pipe" />
					<Add option="-mthreads" />
					<Add option="-D__GNUWIN32__" />
					<Add option="-D__WXMSW__" />
					<Add option="-DWXUSINGDLL" />
					<Add option="-g" />
					<Add option="-D__WXDEBUG__" />
					<Add option='[[if ((GetCompilerFactory().GetCompilerVersionString(_T(&quot;gcc&quot;)) &gt;= _T(&quot;4.0.0&quot;))) print(_T(&quot;-Wno-attributes&quot;));]]' />
					<Add directory="$(#wx)\lib\gcc_dll\mswud" />
				</Compiler>
				<ResourceCompiler>
					<Add directory="$(#wx)\include" />
					<Add directory="$(#wx)\lib\gcc_dll\mswud" />
				</ResourceCompiler>
				<Linker>
					<Add option="-mthreads" />
					<Add library="libwxmsw28ud.a" />
				</Linker>
			</Target>
			<Target title="ReleaseWindows">
				<Option output="..\bin\xTester" prefix_auto="1" extension_auto="1" />
				<Option type="0" />
				<Option compiler="gcc" />
				<Option projectLinkerOptionsRelation="2" />
				<Compiler>
					<Add option="-pipe" />
					<Add option="-mthreads" />
					<Add option="-D__GNUWIN32__" />
					<Add option="-D__WXMSW__" />
					<Add option="-DWXUSINGDLL" />
					<Add option="-O2" />
					<Add option='[[if ((GetCompilerFactory().GetCompilerVersionString(_T(&quot;gcc&quot;)) &gt;= _T(&quot;4.0.0&quot;))) print(_T(&quot;-Wno-attributes&quot;));]]' />
					<Add directory="$(#wx)\lib\gcc_dll\mswu" />
				</Compiler>
				<ResourceCompiler>
					<Add directory="$(#wx)\include" />
					<Add directory="$(#wx)\lib\gcc_dll\mswu" />
				</ResourceCompiler>
				<Linker>
					<Add option="-mthreads" />
					<Add option="-s" />
					<Add library="libwxmsw28u.a" />
				</Linker>
			</Target>
			<Target title="DebugLinux">
				<Option output="..\bin\xTester" prefix_auto="1" extension_auto="1" />
				<Option type="0" />
				<Option compiler="gcc" />
				<Option projectLinkerOptionsRelation="2" />
				<Compiler>
					<Add option="`wx-config --cflags`" />
					<Add option="-g" />
					<Add option="-Winvalid-pch" />
					<Add option="-include wx_pch.h" />
					<Add option="-DWX_PRECOMP" />
					<Add option="-Wall" />
				</Compiler>
				<Linker>
					<Add option="`wx-config --libs`" />
				</Linker>
			</Target>
			<Target title="ReleaseLinux">
				<Option output="..\bin\xTester" prefix_auto="1" extension_auto="1" />
				<Option type="0" />
				<Option compiler="gcc" />
				<Option projectLinkerOptionsRelation="2" />
				<Compiler>
					<Add option="`wx-config --cflags`" />
					<Add option="-O2" />
					<Add option="-Winvalid-pch" />
					<Add option="-include wx_pch.h" />
					<Add option="-DWX_PRECOMP" />
					<Add option="-Wall" />
				</Compiler>
				<Linker>
					<Add option="`wx-config --libs`" />
					<Add option="-s" />
				</Linker>
			</Target>
		</Build>
		<Compiler>
			<Add option="-DwxUSE_UNICODE" />
		</Compiler>
		<Unit filename="resource.rc">
			<Option compilerVar="WINDRES" />
		</Unit>
		<Unit filename="wxsmith\xTesterframe.wxs" />
		<Unit filename="xTesterApp.cpp" />
		<Unit filename="xTesterApp.h" />
		<Unit filename="xTesterMain.cpp" />
		<Unit filename="xTesterMain.h" />
		<Extensions>
			<code_completion />
			<envvars />
			<debugger />
			<wxsmith version="1">
				<gui name="wxWidgets" src="xTesterApp.cpp" main="xTesterFrame" init_handlers="necessary" language="CPP" />
				<resources>
					<wxFrame wxs="wxsmith/xTesterframe.wxs" src="xTesterMain.cpp" hdr="xTesterMain.h" name="xTesterFrame" language="CPP" />
				</resources>
			</wxsmith>
		</Extensions>
	</Project>
</CodeBlocks_project_file>
