<?xml version="1.0" encoding="UTF-8" standalone="yes" ?>
<CodeBlocks_project_file>
	<FileVersion major="1" minor="6" />
	<Project>
		<Option title="xSchedule" />
		<Option pch_mode="2" />
		<Option compiler="gcc" />
		<Build>
			<Target title="DebugWindows">
				<Option output="..\bin\xSchedule" prefix_auto="1" extension_auto="1" />
				<Option type="0" />
				<Option compiler="gcc" />
				<Option projectLinkerOptionsRelation="2" />
				<Compiler>
					<Add option="-pipe" />
					<Add option="-mthreads" />
					<Add option="-D__GNUWIN32__" />
					<Add option="-D__WXMSW__" />
					<Add option="-DWXUSINGDLL" />
					<Add option="-g" />
					<Add option="-D__WXDEBUG__" />
					<Add option='[[if ((GetCompilerFactory().GetCompilerVersionString(_T(&quot;gcc&quot;)) &gt;= _T(&quot;4.0.0&quot;))) print(_T(&quot;-Wno-attributes&quot;));]]' />
					<Add directory="$(#wx)\lib\gcc_dll\mswud" />
				</Compiler>
				<ResourceCompiler>
					<Add directory="$(#wx)\include" />
					<Add directory="$(#wx)\lib\gcc_dll\mswud" />
				</ResourceCompiler>
				<Linker>
					<Add option="-mthreads" />
					<Add library="libwxmsw28ud.a" />
				</Linker>
			</Target>
			<Target title="ReleaseWindows">
				<Option output="..\bin\xSchedule" prefix_auto="1" extension_auto="1" />
				<Option type="0" />
				<Option compiler="gcc" />
				<Option projectLinkerOptionsRelation="2" />
				<Compiler>
					<Add option="-pipe" />
					<Add option="-mthreads" />
					<Add option="-D__GNUWIN32__" />
					<Add option="-D__WXMSW__" />
					<Add option="-DWXUSINGDLL" />
					<Add option="-O2" />
					<Add option='[[if ((GetCompilerFactory().GetCompilerVersionString(_T(&quot;gcc&quot;)) &gt;= _T(&quot;4.0.0&quot;))) print(_T(&quot;-Wno-attributes&quot;));]]' />
					<Add directory="$(#wx)\lib\gcc_dll\mswu" />
				</Compiler>
				<ResourceCompiler>
					<Add directory="$(#wx)\include" />
					<Add directory="$(#wx)\lib\gcc_dll\mswu" />
				</ResourceCompiler>
				<Linker>
					<Add option="-mthreads" />
					<Add option="-s" />
					<Add library="libwxmsw28u.a" />
				</Linker>
			</Target>
			<Target title="DebugLinux">
				<Option output="..\bin\xSchedule" prefix_auto="1" extension_auto="1" />
				<Option type="0" />
				<Option compiler="gcc" />
				<Option projectLinkerOptionsRelation="2" />
				<Compiler>
					<Add option="-g" />
					<Add option="`wx-config --cflags`" />
					<Add option="-Winvalid-pch" />
					<Add option="-include wx_pch.h" />
					<Add option="-DWX_PRECOMP" />
				</Compiler>
				<Linker>
					<Add option="`wx-config --libs std,media`" />
				</Linker>
			</Target>
			<Target title="ReleaseLinux">
				<Option output="..\bin\xSchedule" prefix_auto="1" extension_auto="1" />
				<Option type="0" />
				<Option compiler="gcc" />
				<Option projectLinkerOptionsRelation="2" />
				<Compiler>
					<Add option="-O2" />
					<Add option="-Wall" />
					<Add option="`wx-config --cflags`" />
					<Add option="-Winvalid-pch" />
					<Add option="-include wx_pch.h" />
					<Add option="-DWX_PRECOMP" />
				</Compiler>
				<Linker>
					<Add option="-s" />
					<Add option="`wx-config --libs std,media`" />
				</Linker>
			</Target>
		</Build>
		<Compiler>
			<Add option="-DwxUSE_UNICODE" />
		</Compiler>
		<Linker>
			<Add library="..\bin\libctb.a" />
		</Linker>
		<Unit filename="DelListDialog.cpp" />
		<Unit filename="DelListDialog.h" />
		<Unit filename="NewListDialog.cpp" />
		<Unit filename="NewListDialog.h" />
		<Unit filename="PlayerFrame.cpp" />
		<Unit filename="PlayerFrame.h" />
		<Unit filename="RenListDialog.cpp" />
		<Unit filename="RenListDialog.h" />
		<Unit filename="WizardDialog.cpp" />
		<Unit filename="WizardDialog.h" />
		<Unit filename="resource.rc">
			<Option compilerVar="WINDRES" />
		</Unit>
		<Unit filename="wxsmith\xScheduleframe.wxs" />
		<Unit filename="xScheduleApp.cpp" />
		<Unit filename="xScheduleApp.h" />
		<Unit filename="xScheduleMain.cpp" />
		<Unit filename="xScheduleMain.h" />
		<Extensions>
			<code_completion />
			<envvars />
			<debugger />
			<wxsmith version="1">
				<gui name="wxWidgets" src="xScheduleApp.cpp" main="xScheduleFrame" init_handlers="necessary" language="CPP" />
				<resources>
					<wxFrame wxs="wxsmith/xScheduleframe.wxs" src="xScheduleMain.cpp" hdr="xScheduleMain.h" name="xScheduleFrame" language="CPP" />
					<wxDialog wxs="wxsmith/NewListDialog.wxs" src="NewListDialog.cpp" hdr="NewListDialog.h" name="NewListDialog" language="CPP" />
					<wxDialog wxs="wxsmith/DelListDialog.wxs" src="DelListDialog.cpp" hdr="DelListDialog.h" name="DelListDialog" language="CPP" />
					<wxDialog wxs="wxsmith/RenListDialog.wxs" src="RenListDialog.cpp" hdr="RenListDialog.h" name="RenListDialog" language="CPP" />
					<wxDialog wxs="wxsmith/WizardDialog.wxs" src="WizardDialog.cpp" hdr="WizardDialog.h" name="WizardDialog" language="CPP" />
					<wxFrame wxs="wxsmith/PlayerFrame.wxs" src="PlayerFrame.cpp" hdr="PlayerFrame.h" name="PlayerFrame" language="CPP" />
				</resources>
			</wxsmith>
		</Extensions>
	</Project>
</CodeBlocks_project_file>
